
Microsoft Visual Studio Solution File, Format Version 12.00
# Visual Studio Version 16
VisualStudioVersion = 16.0.31729.503
MinimumVisualStudioVersion = 10.0.40219.1
Project("{FAE04EC0-301F-11D3-BF4B-00C04F79EFBC}") = "mastermind", "mastermind\mastermind.csproj", "{2CD6B6D4-F2CF-4771-A07A-245409D77F68}"
EndProject
Global
	GlobalSection(SolutionConfigurationPlatforms) = preSolution
		Debug|Any CPU = Debug|Any CPU
		Release|Any CPU = Release|Any CPU
	EndGlobalSection
	GlobalSection(ProjectConfigurationPlatforms) = postSolution
		{2CD6B6D4-F2CF-4771-A07A-245409D77F68}.Debug|Any CPU.ActiveCfg = Debug|Any CPU
		{2CD6B6D4-F2CF-4771-A07A-245409D77F68}.Debug|Any CPU.Build.0 = Debug|Any CPU
		{2CD6B6D4-F2CF-4771-A07A-245409D77F68}.Release|Any CPU.ActiveCfg = Release|Any CPU
		{2CD6B6D4-F2CF-4771-A07A-245409D77F68}.Release|Any CPU.Build.0 = Release|Any CPU
	EndGlobalSection
	GlobalSection(SolutionProperties) = preSolution
		HideSolutionNode = FALSE
	EndGlobalSection
	GlobalSection(ExtensibilityGlobals) = postSolution
		SolutionGuid = {2815E635-2591-45A0-8F27-790A28697E94}
	EndGlobalSection
EndGlobal
